
Microsoft Visual Studio Solution File, Format Version 12.00
# Visual Studio 14
VisualStudioVersion = 14.0.25123.0
MinimumVisualStudioVersion = 10.0.40219.1
Project("{FAE04EC0-301F-11D3-BF4B-00C04F79EFBC}") = "AI_Lab3_Master", "AI_Lab3_Master\AI_Lab3_Master.csproj", "{9F248E37-7103-4456-ABFF-E32DA241544E}"
EndProject
Global
	GlobalSection(SolutionConfigurationPlatforms) = preSolution
		Debug|Any CPU = Debug|Any CPU
		Release|Any CPU = Release|Any CPU
	EndGlobalSection
	GlobalSection(ProjectConfigurationPlatforms) = postSolution
		{9F248E37-7103-4456-ABFF-E32DA241544E}.Debug|Any CPU.ActiveCfg = Debug|Any CPU
		{9F248E37-7103-4456-ABFF-E32DA241544E}.Debug|Any CPU.Build.0 = Debug|Any CPU
		{9F248E37-7103-4456-ABFF-E32DA241544E}.Release|Any CPU.ActiveCfg = Release|Any CPU
		{9F248E37-7103-4456-ABFF-E32DA241544E}.Release|Any CPU.Build.0 = Release|Any CPU
	EndGlobalSection
	GlobalSection(SolutionProperties) = preSolution
		HideSolutionNode = FALSE
	EndGlobalSection
EndGlobal
